// !$*UTF8*$!
{
	archiveVersion = 1;
	classes = {
	};
	objectVersion = 46;
	objects = {

/* Begin PBXBuildFile section */
		0387BDC61D2B4C0B00769A0B /* MPNumericField.h in Headers */ = {isa = PBXBuildFile; fileRef = 0387BDC51D2B4C0B00769A0B /* MPNumericField.h */; settings = {ATTRIBUTES = (Public, ); }; };
		0387BDD41D2B4C1E00769A0B /* MPFormatterUtils.h in Headers */ = {isa = PBXBuildFile; fileRef = 0387BDCE1D2B4C1E00769A0B /* MPFormatterUtils.h */; settings = {ATTRIBUTES = (Public, ); }; };
		0387BDD51D2B4C1E00769A0B /* MPFormatterUtils.m in Sources */ = {isa = PBXBuildFile; fileRef = 0387BDCF1D2B4C1E00769A0B /* MPFormatterUtils.m */; };
		0387BDD61D2B4C1E00769A0B /* MPNumericTextField.h in Headers */ = {isa = PBXBuildFile; fileRef = 0387BDD01D2B4C1E00769A0B /* MPNumericTextField.h */; settings = {ATTRIBUTES = (Public, ); }; };
		0387BDD71D2B4C1E00769A0B /* MPNumericTextField.m in Sources */ = {isa = PBXBuildFile; fileRef = 0387BDD11D2B4C1E00769A0B /* MPNumericTextField.m */; };
		0387BDD81D2B4C1E00769A0B /* MPNumericTextFieldDelegate.h in Headers */ = {isa = PBXBuildFile; fileRef = 0387BDD21D2B4C1E00769A0B /* MPNumericTextFieldDelegate.h */; settings = {ATTRIBUTES = (Public, ); }; };
		0387BDD91D2B4C1E00769A0B /* MPNumericTextFieldDelegate.m in Sources */ = {isa = PBXBuildFile; fileRef = 0387BDD31D2B4C1E00769A0B /* MPNumericTextFieldDelegate.m */; };
/* End PBXBuildFile section */

/* Begin PBXFileReference section */
		0387BDC21D2B4C0B00769A0B /* MPNumericField.framework */ = {isa = PBXFileReference; explicitFileType = wrapper.framework; includeInIndex = 0; path = MPNumericField.framework; sourceTree = BUILT_PRODUCTS_DIR; };
		0387BDC51D2B4C0B00769A0B /* MPNumericField.h */ = {isa = PBXFileReference; lastKnownFileType = sourcecode.c.h; path = MPNumericField.h; sourceTree = "<group>"; };
		0387BDC71D2B4C0B00769A0B /* Info.plist */ = {isa = PBXFileReference; lastKnownFileType = text.plist.xml; path = Info.plist; sourceTree = "<group>"; };
		0387BDCE1D2B4C1E00769A0B /* MPFormatterUtils.h */ = {isa = PBXFileReference; fileEncoding = 4; lastKnownFileType = sourcecode.c.h; path = MPFormatterUtils.h; sourceTree = "<group>"; };
		0387BDCF1D2B4C1E00769A0B /* MPFormatterUtils.m */ = {isa = PBXFileReference; fileEncoding = 4; lastKnownFileType = sourcecode.c.objc; path = MPFormatterUtils.m; sourceTree = "<group>"; };
		0387BDD01D2B4C1E00769A0B /* MPNumericTextField.h */ = {isa = PBXFileReference; fileEncoding = 4; lastKnownFileType = sourcecode.c.h; path = MPNumericTextField.h; sourceTree = "<group>"; };
		0387BDD11D2B4C1E00769A0B /* MPNumericTextField.m */ = {isa = PBXFileReference; fileEncoding = 4; lastKnownFileType = sourcecode.c.objc; path = MPNumericTextField.m; sourceTree = "<group>"; };
		0387BDD21D2B4C1E00769A0B /* MPNumericTextFieldDelegate.h */ = {isa = PBXFileReference; fileEncoding = 4; lastKnownFileType = sourcecode.c.h; path = MPNumericTextFieldDelegate.h; sourceTree = "<group>"; };
		0387BDD31D2B4C1E00769A0B /* MPNumericTextFieldDelegate.m */ = {isa = PBXFileReference; fileEncoding = 4; lastKnownFileType = sourcecode.c.objc; path = MPNumericTextFieldDelegate.m; sourceTree = "<group>"; };
/* End PBXFileReference section */

/* Begin PBXFrameworksBuildPhase section */
		0387BDBE1D2B4C0B00769A0B /* Frameworks */ = {
			isa = PBXFrameworksBuildPhase;
			buildActionMask = 2147483647;
			files = (
			);
			runOnlyForDeploymentPostprocessing = 0;
		};
/* End PBXFrameworksBuildPhase section */

/* Begin PBXGroup section */
		0387BDB81D2B4C0B00769A0B = {
			isa = PBXGroup;
			children = (
				0387BDC41D2B4C0B00769A0B /* MPNumericField */,
				0387BDC31D2B4C0B00769A0B /* Products */,
			);
			sourceTree = "<group>";
		};
		0387BDC31D2B4C0B00769A0B /* Products */ = {
			isa = PBXGroup;
			children = (
				0387BDC21D2B4C0B00769A0B /* MPNumericField.framework */,
			);
			name = Products;
			sourceTree = "<group>";
		};
		0387BDC41D2B4C0B00769A0B /* MPNumericField */ = {
			isa = PBXGroup;
			children = (
				0387BDCD1D2B4C1E00769A0B /* Classes */,
				0387BDC51D2B4C0B00769A0B /* MPNumericField.h */,
				0387BDC71D2B4C0B00769A0B /* Info.plist */,
			);
			path = MPNumericField;
			sourceTree = "<group>";
		};
		0387BDCD1D2B4C1E00769A0B /* Classes */ = {
			isa = PBXGroup;
			children = (
				0387BDCE1D2B4C1E00769A0B /* MPFormatterUtils.h */,
				0387BDCF1D2B4C1E00769A0B /* MPFormatterUtils.m */,
				0387BDD01D2B4C1E00769A0B /* MPNumericTextField.h */,
				0387BDD11D2B4C1E00769A0B /* MPNumericTextField.m */,
				0387BDD21D2B4C1E00769A0B /* MPNumericTextFieldDelegate.h */,
				0387BDD31D2B4C1E00769A0B /* MPNumericTextFieldDelegate.m */,
			);
			path = Classes;
			sourceTree = "<group>";
		};
/* End PBXGroup section */

/* Begin PBXHeadersBuildPhase section */
		0387BDBF1D2B4C0B00769A0B /* Headers */ = {
			isa = PBXHeadersBuildPhase;
			buildActionMask = 2147483647;
			files = (
				0387BDD41D2B4C1E00769A0B /* MPFormatterUtils.h in Headers */,
				0387BDD61D2B4C1E00769A0B /* MPNumericTextField.h in Headers */,
				0387BDD81D2B4C1E00769A0B /* MPNumericTextFieldDelegate.h in Headers */,
				0387BDC61D2B4C0B00769A0B /* MPNumericField.h in Headers */,
			);
			runOnlyForDeploymentPostprocessing = 0;
		};
/* End PBXHeadersBuildPhase section */

/* Begin PBXNativeTarget section */
		0387BDC11D2B4C0B00769A0B /* MPNumericField */ = {
			isa = PBXNativeTarget;
			buildConfigurationList = 0387BDCA1D2B4C0B00769A0B /* Build configuration list for PBXNativeTarget "MPNumericField" */;
			buildPhases = (
				0387BDBD1D2B4C0B00769A0B /* Sources */,
				0387BDBE1D2B4C0B00769A0B /* Frameworks */,
				0387BDBF1D2B4C0B00769A0B /* Headers */,
				0387BDC01D2B4C0B00769A0B /* Resources */,
			);
			buildRules = (
			);
			dependencies = (
			);
			name = MPNumericField;
			productName = MPNumericField;
			productReference = 0387BDC21D2B4C0B00769A0B /* MPNumericField.framework */;
			productType = "com.apple.product-type.framework";
		};
/* End PBXNativeTarget section */

/* Begin PBXProject section */
		0387BDB91D2B4C0B00769A0B /* Project object */ = {
			isa = PBXProject;
			attributes = {
				LastUpgradeCheck = 0730;
				ORGANIZATIONNAME = "Joshua Luongo";
				TargetAttributes = {
					0387BDC11D2B4C0B00769A0B = {
						CreatedOnToolsVersion = 7.3.1;
					};
				};
			};
			buildConfigurationList = 0387BDBC1D2B4C0B00769A0B /* Build configuration list for PBXProject "MPNumericField" */;
			compatibilityVersion = "Xcode 3.2";
			developmentRegion = English;
			hasScannedForEncodings = 0;
			knownRegions = (
				en,
			);
			mainGroup = 0387BDB81D2B4C0B00769A0B;
			productRefGroup = 0387BDC31D2B4C0B00769A0B /* Products */;
			projectDirPath = "";
			projectRoot = "";
			targets = (
				0387BDC11D2B4C0B00769A0B /* MPNumericField */,
			);
		};
/* End PBXProject section */

/* Begin PBXResourcesBuildPhase section */
		0387BDC01D2B4C0B00769A0B /* Resources */ = {
			isa = PBXResourcesBuildPhase;
			buildActionMask = 2147483647;
			files = (
			);
			runOnlyForDeploymentPostprocessing = 0;
		};
/* End PBXResourcesBuildPhase section */

/* Begin PBXSourcesBuildPhase section */
		0387BDBD1D2B4C0B00769A0B /* Sources */ = {
			isa = PBXSourcesBuildPhase;
			buildActionMask = 2147483647;
			files = (
				0387BDD71D2B4C1E00769A0B /* MPNumericTextField.m in Sources */,
				0387BDD51D2B4C1E00769A0B /* MPFormatterUtils.m in Sources */,
				0387BDD91D2B4C1E00769A0B /* MPNumericTextFieldDelegate.m in Sources */,
			);
			runOnlyForDeploymentPostprocessing = 0;
		};
/* End PBXSourcesBuildPhase section */

/* Begin XCBuildConfiguration section */
		0387BDC81D2B4C0B00769A0B /* Debug */ = {
			isa = XCBuildConfiguration;
			buildSettings = {
				ALWAYS_SEARCH_USER_PATHS = NO;
				CLANG_ANALYZER_NONNULL = YES;
				CLANG_CXX_LANGUAGE_STANDARD = "gnu++0x";
				CLANG_CXX_LIBRARY = "libc++";
				CLANG_ENABLE_MODULES = YES;
				CLANG_ENABLE_OBJC_ARC = YES;
				CLANG_WARN_BOOL_CONVERSION = YES;
				CLANG_WARN_CONSTANT_CONVERSION = YES;
				CLANG_WARN_DIRECT_OBJC_ISA_USAGE = YES_ERROR;
				CLANG_WARN_EMPTY_BODY = YES;
				CLANG_WARN_ENUM_CONVERSION = YES;
				CLANG_WARN_INT_CONVERSION = YES;
				CLANG_WARN_OBJC_ROOT_CLASS = YES_ERROR;
				CLANG_WARN_UNREACHABLE_CODE = YES;
				CLANG_WARN__DUPLICATE_METHOD_MATCH = YES;
				"CODE_SIGN_IDENTITY[sdk=iphoneos*]" = "iPhone Developer";
				COPY_PHASE_STRIP = NO;
				CURRENT_PROJECT_VERSION = 1;
				DEBUG_INFORMATION_FORMAT = dwarf;
				ENABLE_STRICT_OBJC_MSGSEND = YES;
				ENABLE_TESTABILITY = YES;
				GCC_C_LANGUAGE_STANDARD = gnu99;
				GCC_DYNAMIC_NO_PIC = NO;
				GCC_NO_COMMON_BLOCKS = YES;
				GCC_OPTIMIZATION_LEVEL = 0;
				GCC_PREPROCESSOR_DEFINITIONS = (
					"DEBUG=1",
					"$(inherited)",
				);
				GCC_WARN_64_TO_32_BIT_CONVERSION = YES;
				GCC_WARN_ABOUT_RETURN_TYPE = YES_ERROR;
				GCC_WARN_UNDECLARED_SELECTOR = YES;
				GCC_WARN_UNINITIALIZED_AUTOS = YES_AGGRESSIVE;
				GCC_WARN_UNUSED_FUNCTION = YES;
				GCC_WARN_UNUSED_VARIABLE = YES;
				IPHONEOS_DEPLOYMENT_TARGET = 9.3;
				MTL_ENABLE_DEBUG_INFO = YES;
				ONLY_ACTIVE_ARCH = YES;
				SDKROOT = iphoneos;
				TARGETED_DEVICE_FAMILY = "1,2";
				VERSIONING_SYSTEM = "apple-generic";
				VERSION_INFO_PREFIX = "";
			};
			name = Debug;
		};
		0387BDC91D2B4C0B00769A0B /* Release */ = {
			isa = XCBuildConfiguration;
			buildSettings = {
				ALWAYS_SEARCH_USER_PATHS = NO;
				CLANG_ANALYZER_NONNULL = YES;
				CLANG_CXX_LANGUAGE_STANDARD = "gnu++0x";
				CLANG_CXX_LIBRARY = "libc++";
				CLANG_ENABLE_MODULES = YES;
				CLANG_ENABLE_OBJC_ARC = YES;
				CLANG_WARN_BOOL_CONVERSION = YES;
				CLANG_WARN_CONSTANT_CONVERSION = YES;
				CLANG_WARN_DIRECT_OBJC_ISA_USAGE = YES_ERROR;
				CLANG_WARN_EMPTY_BODY = YES;
				CLANG_WARN_ENUM_CONVERSION = YES;
				CLANG_WARN_INT_CONVERSION = YES;
				CLANG_WARN_OBJC_ROOT_CLASS = YES_ERROR;
				CLANG_WARN_UNREACHABLE_CODE = YES;
				CLANG_WARN__DUPLICATE_METHOD_MATCH = YES;
				"CODE_SIGN_IDENTITY[sdk=iphoneos*]" = "iPhone Developer";
				COPY_PHASE_STRIP = NO;
				CURRENT_PROJECT_VERSION = 1;
				DEBUG_INFORMATION_FORMAT = "dwarf-with-dsym";
				ENABLE_NS_ASSERTIONS = NO;
				ENABLE_STRICT_OBJC_MSGSEND = YES;
				GCC_C_LANGUAGE_STANDARD = gnu99;
				GCC_NO_COMMON_BLOCKS = YES;
				GCC_WARN_64_TO_32_BIT_CONVERSION = YES;
				GCC_WARN_ABOUT_RETURN_TYPE = YES_ERROR;
				GCC_WARN_UNDECLARED_SELECTOR = YES;
				GCC_WARN_UNINITIALIZED_AUTOS = YES_AGGRESSIVE;
				GCC_WARN_UNUSED_FUNCTION = YES;
				GCC_WARN_UNUSED_VARIABLE = YES;
				IPHONEOS_DEPLOYMENT_TARGET = 9.3;
				MTL_ENABLE_DEBUG_INFO = NO;
				SDKROOT = iphoneos;
				TARGETED_DEVICE_FAMILY = "1,2";
				VALIDATE_PRODUCT = YES;
				VERSIONING_SYSTEM = "apple-generic";
				VERSION_INFO_PREFIX = "";
			};
			name = Release;
		};
		0387BDCB1D2B4C0B00769A0B /* Debug */ = {
			isa = XCBuildConfiguration;
			buildSettings = {
				DEFINES_MODULE = YES;
				DYLIB_COMPATIBILITY_VERSION = 1;
				DYLIB_CURRENT_VERSION = 1;
				DYLIB_INSTALL_NAME_BASE = "@rpath";
				INFOPLIST_FILE = MPNumericField/Info.plist;
				INSTALL_PATH = "$(LOCAL_LIBRARY_DIR)/Frameworks";
				IPHONEOS_DEPLOYMENT_TARGET = 8.0;
				LD_RUNPATH_SEARCH_PATHS = "$(inherited) @executable_path/Frameworks @loader_path/Frameworks";
				PRODUCT_BUNDLE_IDENTIFIER = com.marzapower.MPNumericField;
				PRODUCT_NAME = "$(TARGET_NAME)";
				SKIP_INSTALL = YES;
			};
			name = Debug;
		};
		0387BDCC1D2B4C0B00769A0B /* Release */ = {
			isa = XCBuildConfiguration;
			buildSettings = {
				DEFINES_MODULE = YES;
				DYLIB_COMPATIBILITY_VERSION = 1;
				DYLIB_CURRENT_VERSION = 1;
				DYLIB_INSTALL_NAME_BASE = "@rpath";
				INFOPLIST_FILE = MPNumericField/Info.plist;
				INSTALL_PATH = "$(LOCAL_LIBRARY_DIR)/Frameworks";
				IPHONEOS_DEPLOYMENT_TARGET = 8.0;
				LD_RUNPATH_SEARCH_PATHS = "$(inherited) @executable_path/Frameworks @loader_path/Frameworks";
				PRODUCT_BUNDLE_IDENTIFIER = com.marzapower.MPNumericField;
				PRODUCT_NAME = "$(TARGET_NAME)";
				SKIP_INSTALL = YES;
			};
			name = Release;
		};
/* End XCBuildConfiguration section */

/* Begin XCConfigurationList section */
		0387BDBC1D2B4C0B00769A0B /* Build configuration list for PBXProject "MPNumericField" */ = {
			isa = XCConfigurationList;
			buildConfigurations = (
				0387BDC81D2B4C0B00769A0B /* Debug */,
				0387BDC91D2B4C0B00769A0B /* Release */,
			);
			defaultConfigurationIsVisible = 0;
			defaultConfigurationName = Release;
		};
		0387BDCA1D2B4C0B00769A0B /* Build configuration list for PBXNativeTarget "MPNumericField" */ = {
			isa = XCConfigurationList;
			buildConfigurations = (
				0387BDCB1D2B4C0B00769A0B /* Debug */,
				0387BDCC1D2B4C0B00769A0B /* Release */,
			);
			defaultConfigurationIsVisible = 0;
		};
/* End XCConfigurationList section */
	};
	rootObject = 0387BDB91D2B4C0B00769A0B /* Project object */;
}
